
Microsoft Visual Studio Solution File, Format Version 12.00
# Visual Studio Version 17
VisualStudioVersion = 17.7.34221.43
MinimumVisualStudioVersion = 10.0.40219.1
Project("{FAE04EC0-301F-11D3-BF4B-00C04F79EFBC}") = "ejemplo cliente web service", "ejemplo cliente web service.csproj", "{EB339656-DED0-4850-92D0-CE03BF5F8715}"
EndProject
Global
	GlobalSection(SolutionConfigurationPlatforms) = preSolution
		Debug|Any CPU = Debug|Any CPU
		Release|Any CPU = Release|Any CPU
	EndGlobalSection
	GlobalSection(ProjectConfigurationPlatforms) = postSolution
		{EB339656-DED0-4850-92D0-CE03BF5F8715}.Debug|Any CPU.ActiveCfg = Debug|Any CPU
		{EB339656-DED0-4850-92D0-CE03BF5F8715}.Debug|Any CPU.Build.0 = Debug|Any CPU
		{EB339656-DED0-4850-92D0-CE03BF5F8715}.Release|Any CPU.ActiveCfg = Release|Any CPU
		{EB339656-DED0-4850-92D0-CE03BF5F8715}.Release|Any CPU.Build.0 = Release|Any CPU
	EndGlobalSection
	GlobalSection(SolutionProperties) = preSolution
		HideSolutionNode = FALSE
	EndGlobalSection
	GlobalSection(ExtensibilityGlobals) = postSolution
		SolutionGuid = {60CCD68D-EB7E-4B7F-8484-7A11A9540D5D}
	EndGlobalSection
EndGlobal
